
Microsoft Visual Studio Solution File, Format Version 12.00
# Visual Studio 15
VisualStudioVersion = 15.0.28307.852
MinimumVisualStudioVersion = 10.0.40219.1
Project("{FAE04EC0-301F-11D3-BF4B-00C04F79EFBC}") = "1.SOLIDPrinciples", "1.SOLIDPrinciples\1.SOLIDPrinciples.csproj", "{64AF1BA3-13C4-4A9B-9D21-F296E6EAA63D}"
EndProject
Project("{FAE04EC0-301F-11D3-BF4B-00C04F79EFBC}") = "BUILDER", "BUILDER\BUILDER.csproj", "{B16328A1-0912-4719-912A-35FAFB5DC3D8}"
EndProject
Project("{FAE04EC0-301F-11D3-BF4B-00C04F79EFBC}") = "FACTORIES", "FACTORIES\FACTORIES.csproj", "{4D09F391-68E1-410A-9C6D-3989510254D7}"
EndProject
Project("{FAE04EC0-301F-11D3-BF4B-00C04F79EFBC}") = "PROTOTYPE", "PROTOTYPE\PROTOTYPE.csproj", "{09078635-9967-46C1-9E07-D86813FBF219}"
EndProject
Project("{FAE04EC0-301F-11D3-BF4B-00C04F79EFBC}") = "SINGLETON", "SINGLETON\SINGLETON.csproj", "{2442DC28-C1EF-442D-9BEB-2D1B523E92C4}"
EndProject
Project("{FAE04EC0-301F-11D3-BF4B-00C04F79EFBC}") = "ADAPTER", "VECTOR\ADAPTER.csproj", "{DAD41F4D-2FF8-4152-B514-600E15A8D9DD}"
EndProject
Project("{FAE04EC0-301F-11D3-BF4B-00C04F79EFBC}") = "BRIDGE", "BRIDGE\BRIDGE.csproj", "{6DC1B6E4-79BF-47B2-92AF-82102B5FDC88}"
EndProject
Project("{FAE04EC0-301F-11D3-BF4B-00C04F79EFBC}") = "COMPOSITE", "COMPOSITE\COMPOSITE.csproj", "{EE105DA0-93C6-4E66-9E62-1C6A58423F7B}"
EndProject
Project("{FAE04EC0-301F-11D3-BF4B-00C04F79EFBC}") = "DECORATOR", "DECORATOR\DECORATOR.csproj", "{6AE4636D-44B1-4F5D-A651-A953D1121048}"
EndProject
Project("{FAE04EC0-301F-11D3-BF4B-00C04F79EFBC}") = "FACADE", "FACADE\FACADE.csproj", "{C019B146-F13C-4A77-A0C2-57C644A544B2}"
EndProject
Project("{FAE04EC0-301F-11D3-BF4B-00C04F79EFBC}") = "FLYWEIGHT", "FLYWEIGHT\FLYWEIGHT.csproj", "{26D10597-73E1-429A-B99F-C90E83B21761}"
EndProject
Project("{FAE04EC0-301F-11D3-BF4B-00C04F79EFBC}") = "PROXY", "PROXY\PROXY.csproj", "{575A2D32-5EB3-44B1-8584-C508A8ECD5E4}"
EndProject
Global
	GlobalSection(SolutionConfigurationPlatforms) = preSolution
		Debug|Any CPU = Debug|Any CPU
		Release|Any CPU = Release|Any CPU
	EndGlobalSection
	GlobalSection(ProjectConfigurationPlatforms) = postSolution
		{64AF1BA3-13C4-4A9B-9D21-F296E6EAA63D}.Debug|Any CPU.ActiveCfg = Debug|Any CPU
		{64AF1BA3-13C4-4A9B-9D21-F296E6EAA63D}.Debug|Any CPU.Build.0 = Debug|Any CPU
		{64AF1BA3-13C4-4A9B-9D21-F296E6EAA63D}.Release|Any CPU.ActiveCfg = Release|Any CPU
		{64AF1BA3-13C4-4A9B-9D21-F296E6EAA63D}.Release|Any CPU.Build.0 = Release|Any CPU
		{B16328A1-0912-4719-912A-35FAFB5DC3D8}.Debug|Any CPU.ActiveCfg = Debug|Any CPU
		{B16328A1-0912-4719-912A-35FAFB5DC3D8}.Debug|Any CPU.Build.0 = Debug|Any CPU
		{B16328A1-0912-4719-912A-35FAFB5DC3D8}.Release|Any CPU.ActiveCfg = Release|Any CPU
		{B16328A1-0912-4719-912A-35FAFB5DC3D8}.Release|Any CPU.Build.0 = Release|Any CPU
		{4D09F391-68E1-410A-9C6D-3989510254D7}.Debug|Any CPU.ActiveCfg = Debug|Any CPU
		{4D09F391-68E1-410A-9C6D-3989510254D7}.Debug|Any CPU.Build.0 = Debug|Any CPU
		{4D09F391-68E1-410A-9C6D-3989510254D7}.Release|Any CPU.ActiveCfg = Release|Any CPU
		{4D09F391-68E1-410A-9C6D-3989510254D7}.Release|Any CPU.Build.0 = Release|Any CPU
		{09078635-9967-46C1-9E07-D86813FBF219}.Debug|Any CPU.ActiveCfg = Debug|Any CPU
		{09078635-9967-46C1-9E07-D86813FBF219}.Debug|Any CPU.Build.0 = Debug|Any CPU
		{09078635-9967-46C1-9E07-D86813FBF219}.Release|Any CPU.ActiveCfg = Release|Any CPU
		{09078635-9967-46C1-9E07-D86813FBF219}.Release|Any CPU.Build.0 = Release|Any CPU
		{2442DC28-C1EF-442D-9BEB-2D1B523E92C4}.Debug|Any CPU.ActiveCfg = Debug|Any CPU
		{2442DC28-C1EF-442D-9BEB-2D1B523E92C4}.Debug|Any CPU.Build.0 = Debug|Any CPU
		{2442DC28-C1EF-442D-9BEB-2D1B523E92C4}.Release|Any CPU.ActiveCfg = Release|Any CPU
		{2442DC28-C1EF-442D-9BEB-2D1B523E92C4}.Release|Any CPU.Build.0 = Release|Any CPU
		{DAD41F4D-2FF8-4152-B514-600E15A8D9DD}.Debug|Any CPU.ActiveCfg = Debug|Any CPU
		{DAD41F4D-2FF8-4152-B514-600E15A8D9DD}.Debug|Any CPU.Build.0 = Debug|Any CPU
		{DAD41F4D-2FF8-4152-B514-600E15A8D9DD}.Release|Any CPU.ActiveCfg = Release|Any CPU
		{DAD41F4D-2FF8-4152-B514-600E15A8D9DD}.Release|Any CPU.Build.0 = Release|Any CPU
		{6DC1B6E4-79BF-47B2-92AF-82102B5FDC88}.Debug|Any CPU.ActiveCfg = Debug|Any CPU
		{6DC1B6E4-79BF-47B2-92AF-82102B5FDC88}.Debug|Any CPU.Build.0 = Debug|Any CPU
		{6DC1B6E4-79BF-47B2-92AF-82102B5FDC88}.Release|Any CPU.ActiveCfg = Release|Any CPU
		{6DC1B6E4-79BF-47B2-92AF-82102B5FDC88}.Release|Any CPU.Build.0 = Release|Any CPU
		{EE105DA0-93C6-4E66-9E62-1C6A58423F7B}.Debug|Any CPU.ActiveCfg = Debug|Any CPU
		{EE105DA0-93C6-4E66-9E62-1C6A58423F7B}.Debug|Any CPU.Build.0 = Debug|Any CPU
		{EE105DA0-93C6-4E66-9E62-1C6A58423F7B}.Release|Any CPU.ActiveCfg = Release|Any CPU
		{EE105DA0-93C6-4E66-9E62-1C6A58423F7B}.Release|Any CPU.Build.0 = Release|Any CPU
		{6AE4636D-44B1-4F5D-A651-A953D1121048}.Debug|Any CPU.ActiveCfg = Debug|Any CPU
		{6AE4636D-44B1-4F5D-A651-A953D1121048}.Debug|Any CPU.Build.0 = Debug|Any CPU
		{6AE4636D-44B1-4F5D-A651-A953D1121048}.Release|Any CPU.ActiveCfg = Release|Any CPU
		{6AE4636D-44B1-4F5D-A651-A953D1121048}.Release|Any CPU.Build.0 = Release|Any CPU
		{C019B146-F13C-4A77-A0C2-57C644A544B2}.Debug|Any CPU.ActiveCfg = Debug|Any CPU
		{C019B146-F13C-4A77-A0C2-57C644A544B2}.Debug|Any CPU.Build.0 = Debug|Any CPU
		{C019B146-F13C-4A77-A0C2-57C644A544B2}.Release|Any CPU.ActiveCfg = Release|Any CPU
		{C019B146-F13C-4A77-A0C2-57C644A544B2}.Release|Any CPU.Build.0 = Release|Any CPU
		{26D10597-73E1-429A-B99F-C90E83B21761}.Debug|Any CPU.ActiveCfg = Debug|Any CPU
		{26D10597-73E1-429A-B99F-C90E83B21761}.Debug|Any CPU.Build.0 = Debug|Any CPU
		{26D10597-73E1-429A-B99F-C90E83B21761}.Release|Any CPU.ActiveCfg = Release|Any CPU
		{26D10597-73E1-429A-B99F-C90E83B21761}.Release|Any CPU.Build.0 = Release|Any CPU
		{575A2D32-5EB3-44B1-8584-C508A8ECD5E4}.Debug|Any CPU.ActiveCfg = Debug|Any CPU
		{575A2D32-5EB3-44B1-8584-C508A8ECD5E4}.Debug|Any CPU.Build.0 = Debug|Any CPU
		{575A2D32-5EB3-44B1-8584-C508A8ECD5E4}.Release|Any CPU.ActiveCfg = Release|Any CPU
		{575A2D32-5EB3-44B1-8584-C508A8ECD5E4}.Release|Any CPU.Build.0 = Release|Any CPU
	EndGlobalSection
	GlobalSection(SolutionProperties) = preSolution
		HideSolutionNode = FALSE
	EndGlobalSection
	GlobalSection(ExtensibilityGlobals) = postSolution
		SolutionGuid = {75F7F58E-CE53-43C4-9E90-4DEE79D6803F}
	EndGlobalSection
EndGlobal
